// !$*UTF8*$!
{
	archiveVersion = 1;
	classes = {
	};
	objectVersion = 46;
	objects = {

/* Begin PBXBuildFile section */
		62D9DAA11BC8BC1E003DCBBC /* Debug.swift in Sources */ = {isa = PBXBuildFile; fileRef = 62D9DAA01BC8BC1E003DCBBC /* Debug.swift */; settings = {ASSET_TAGS = (); }; };
		CFA8A1621BC2A8D3008D84F0 /* AppDelegate.swift in Sources */ = {isa = PBXBuildFile; fileRef = CFA8A1611BC2A8D3008D84F0 /* AppDelegate.swift */; };
		CFA8A1641BC2A8D3008D84F0 /* ViewController.swift in Sources */ = {isa = PBXBuildFile; fileRef = CFA8A1631BC2A8D3008D84F0 /* ViewController.swift */; };
		CFA8A1671BC2A8D3008D84F0 /* Main.storyboard in Resources */ = {isa = PBXBuildFile; fileRef = CFA8A1651BC2A8D3008D84F0 /* Main.storyboard */; };
		CFA8A1691BC2A8D3008D84F0 /* Images.xcassets in Resources */ = {isa = PBXBuildFile; fileRef = CFA8A1681BC2A8D3008D84F0 /* Images.xcassets */; };
		CFA8A16C1BC2A8D3008D84F0 /* LaunchScreen.xib in Resources */ = {isa = PBXBuildFile; fileRef = CFA8A16A1BC2A8D3008D84F0 /* LaunchScreen.xib */; };
		CFA8A1781BC2A8D3008D84F0 /* SampleTests.swift in Sources */ = {isa = PBXBuildFile; fileRef = CFA8A1771BC2A8D3008D84F0 /* SampleTests.swift */; };
/* End PBXBuildFile section */

/* Begin PBXContainerItemProxy section */
		CFA8A1721BC2A8D3008D84F0 /* PBXContainerItemProxy */ = {
			isa = PBXContainerItemProxy;
			containerPortal = CFA8A1541BC2A8D3008D84F0 /* Project object */;
			proxyType = 1;
			remoteGlobalIDString = CFA8A15B1BC2A8D3008D84F0;
			remoteInfo = Sample;
		};
/* End PBXContainerItemProxy section */

/* Begin PBXFileReference section */
		62D9DAA01BC8BC1E003DCBBC /* Debug.swift */ = {isa = PBXFileReference; fileEncoding = 4; lastKnownFileType = sourcecode.swift; name = Debug.swift; path = ../../Source/Debug.swift; sourceTree = "<group>"; };
		CFA8A15C1BC2A8D3008D84F0 /* Sample.app */ = {isa = PBXFileReference; explicitFileType = wrapper.application; includeInIndex = 0; path = Sample.app; sourceTree = BUILT_PRODUCTS_DIR; };
		CFA8A1601BC2A8D3008D84F0 /* Info.plist */ = {isa = PBXFileReference; lastKnownFileType = text.plist.xml; path = Info.plist; sourceTree = "<group>"; };
		CFA8A1611BC2A8D3008D84F0 /* AppDelegate.swift */ = {isa = PBXFileReference; lastKnownFileType = sourcecode.swift; path = AppDelegate.swift; sourceTree = "<group>"; };
		CFA8A1631BC2A8D3008D84F0 /* ViewController.swift */ = {isa = PBXFileReference; lastKnownFileType = sourcecode.swift; path = ViewController.swift; sourceTree = "<group>"; };
		CFA8A1661BC2A8D3008D84F0 /* Base */ = {isa = PBXFileReference; lastKnownFileType = file.storyboard; name = Base; path = Base.lproj/Main.storyboard; sourceTree = "<group>"; };
		CFA8A1681BC2A8D3008D84F0 /* Images.xcassets */ = {isa = PBXFileReference; lastKnownFileType = folder.assetcatalog; path = Images.xcassets; sourceTree = "<group>"; };
		CFA8A16B1BC2A8D3008D84F0 /* Base */ = {isa = PBXFileReference; lastKnownFileType = file.xib; name = Base; path = Base.lproj/LaunchScreen.xib; sourceTree = "<group>"; };
		CFA8A1711BC2A8D3008D84F0 /* SampleTests.xctest */ = {isa = PBXFileReference; explicitFileType = wrapper.cfbundle; includeInIndex = 0; path = SampleTests.xctest; sourceTree = BUILT_PRODUCTS_DIR; };
		CFA8A1761BC2A8D3008D84F0 /* Info.plist */ = {isa = PBXFileReference; lastKnownFileType = text.plist.xml; path = Info.plist; sourceTree = "<group>"; };
		CFA8A1771BC2A8D3008D84F0 /* SampleTests.swift */ = {isa = PBXFileReference; lastKnownFileType = sourcecode.swift; path = SampleTests.swift; sourceTree = "<group>"; };
/* End PBXFileReference section */

/* Begin PBXFrameworksBuildPhase section */
		CFA8A1591BC2A8D3008D84F0 /* Frameworks */ = {
			isa = PBXFrameworksBuildPhase;
			buildActionMask = 2147483647;
			files = (
			);
			runOnlyForDeploymentPostprocessing = 0;
		};
		CFA8A16E1BC2A8D3008D84F0 /* Frameworks */ = {
			isa = PBXFrameworksBuildPhase;
			buildActionMask = 2147483647;
			files = (
			);
			runOnlyForDeploymentPostprocessing = 0;
		};
/* End PBXFrameworksBuildPhase section */

/* Begin PBXGroup section */
		CFA8A1531BC2A8D3008D84F0 = {
			isa = PBXGroup;
			children = (
				CFA8A15E1BC2A8D3008D84F0 /* Sample */,
				CFA8A1741BC2A8D3008D84F0 /* SampleTests */,
				CFA8A15D1BC2A8D3008D84F0 /* Products */,
			);
			sourceTree = "<group>";
		};
		CFA8A15D1BC2A8D3008D84F0 /* Products */ = {
			isa = PBXGroup;
			children = (
				CFA8A15C1BC2A8D3008D84F0 /* Sample.app */,
				CFA8A1711BC2A8D3008D84F0 /* SampleTests.xctest */,
			);
			name = Products;
			sourceTree = "<group>";
		};
		CFA8A15E1BC2A8D3008D84F0 /* Sample */ = {
			isa = PBXGroup;
			children = (
				62D9DAA01BC8BC1E003DCBBC /* Debug.swift */,
				CFA8A1611BC2A8D3008D84F0 /* AppDelegate.swift */,
				CFA8A1631BC2A8D3008D84F0 /* ViewController.swift */,
				CFA8A1651BC2A8D3008D84F0 /* Main.storyboard */,
				CFA8A1681BC2A8D3008D84F0 /* Images.xcassets */,
				CFA8A16A1BC2A8D3008D84F0 /* LaunchScreen.xib */,
				CFA8A15F1BC2A8D3008D84F0 /* Supporting Files */,
			);
			path = Sample;
			sourceTree = "<group>";
		};
		CFA8A15F1BC2A8D3008D84F0 /* Supporting Files */ = {
			isa = PBXGroup;
			children = (
				CFA8A1601BC2A8D3008D84F0 /* Info.plist */,
			);
			name = "Supporting Files";
			sourceTree = "<group>";
		};
		CFA8A1741BC2A8D3008D84F0 /* SampleTests */ = {
			isa = PBXGroup;
			children = (
				CFA8A1771BC2A8D3008D84F0 /* SampleTests.swift */,
				CFA8A1751BC2A8D3008D84F0 /* Supporting Files */,
			);
			path = SampleTests;
			sourceTree = "<group>";
		};
		CFA8A1751BC2A8D3008D84F0 /* Supporting Files */ = {
			isa = PBXGroup;
			children = (
				CFA8A1761BC2A8D3008D84F0 /* Info.plist */,
			);
			name = "Supporting Files";
			sourceTree = "<group>";
		};
/* End PBXGroup section */

/* Begin PBXNativeTarget section */
		CFA8A15B1BC2A8D3008D84F0 /* Sample */ = {
			isa = PBXNativeTarget;
			buildConfigurationList = CFA8A17B1BC2A8D3008D84F0 /* Build configuration list for PBXNativeTarget "Sample" */;
			buildPhases = (
				CFA8A1581BC2A8D3008D84F0 /* Sources */,
				CFA8A1591BC2A8D3008D84F0 /* Frameworks */,
				CFA8A15A1BC2A8D3008D84F0 /* Resources */,
			);
			buildRules = (
			);
			dependencies = (
			);
			name = Sample;
			productName = Sample;
			productReference = CFA8A15C1BC2A8D3008D84F0 /* Sample.app */;
			productType = "com.apple.product-type.application";
		};
		CFA8A1701BC2A8D3008D84F0 /* SampleTests */ = {
			isa = PBXNativeTarget;
			buildConfigurationList = CFA8A17E1BC2A8D3008D84F0 /* Build configuration list for PBXNativeTarget "SampleTests" */;
			buildPhases = (
				CFA8A16D1BC2A8D3008D84F0 /* Sources */,
				CFA8A16E1BC2A8D3008D84F0 /* Frameworks */,
				CFA8A16F1BC2A8D3008D84F0 /* Resources */,
			);
			buildRules = (
			);
			dependencies = (
				CFA8A1731BC2A8D3008D84F0 /* PBXTargetDependency */,
			);
			name = SampleTests;
			productName = SampleTests;
			productReference = CFA8A1711BC2A8D3008D84F0 /* SampleTests.xctest */;
			productType = "com.apple.product-type.bundle.unit-test";
		};
/* End PBXNativeTarget section */

/* Begin PBXProject section */
		CFA8A1541BC2A8D3008D84F0 /* Project object */ = {
			isa = PBXProject;
			attributes = {
				LastUpgradeCheck = 0640;
				ORGANIZATIONNAME = Bloc;
				TargetAttributes = {
					CFA8A15B1BC2A8D3008D84F0 = {
						CreatedOnToolsVersion = 6.4;
					};
					CFA8A1701BC2A8D3008D84F0 = {
						CreatedOnToolsVersion = 6.4;
						TestTargetID = CFA8A15B1BC2A8D3008D84F0;
					};
				};
			};
			buildConfigurationList = CFA8A1571BC2A8D3008D84F0 /* Build configuration list for PBXProject "Sample" */;
			compatibilityVersion = "Xcode 3.2";
			developmentRegion = English;
			hasScannedForEncodings = 0;
			knownRegions = (
				en,
				Base,
			);
			mainGroup = CFA8A1531BC2A8D3008D84F0;
			productRefGroup = CFA8A15D1BC2A8D3008D84F0 /* Products */;
			projectDirPath = "";
			projectRoot = "";
			targets = (
				CFA8A15B1BC2A8D3008D84F0 /* Sample */,
				CFA8A1701BC2A8D3008D84F0 /* SampleTests */,
			);
		};
/* End PBXProject section */

/* Begin PBXResourcesBuildPhase section */
		CFA8A15A1BC2A8D3008D84F0 /* Resources */ = {
			isa = PBXResourcesBuildPhase;
			buildActionMask = 2147483647;
			files = (
				CFA8A1671BC2A8D3008D84F0 /* Main.storyboard in Resources */,
				CFA8A16C1BC2A8D3008D84F0 /* LaunchScreen.xib in Resources */,
				CFA8A1691BC2A8D3008D84F0 /* Images.xcassets in Resources */,
			);
			runOnlyForDeploymentPostprocessing = 0;
		};
		CFA8A16F1BC2A8D3008D84F0 /* Resources */ = {
			isa = PBXResourcesBuildPhase;
			buildActionMask = 2147483647;
			files = (
			);
			runOnlyForDeploymentPostprocessing = 0;
		};
/* End PBXResourcesBuildPhase section */

/* Begin PBXSourcesBuildPhase section */
		CFA8A1581BC2A8D3008D84F0 /* Sources */ = {
			isa = PBXSourcesBuildPhase;
			buildActionMask = 2147483647;
			files = (
				CFA8A1641BC2A8D3008D84F0 /* ViewController.swift in Sources */,
				62D9DAA11BC8BC1E003DCBBC /* Debug.swift in Sources */,
				CFA8A1621BC2A8D3008D84F0 /* AppDelegate.swift in Sources */,
			);
			runOnlyForDeploymentPostprocessing = 0;
		};
		CFA8A16D1BC2A8D3008D84F0 /* Sources */ = {
			isa = PBXSourcesBuildPhase;
			buildActionMask = 2147483647;
			files = (
				CFA8A1781BC2A8D3008D84F0 /* SampleTests.swift in Sources */,
			);
			runOnlyForDeploymentPostprocessing = 0;
		};
/* End PBXSourcesBuildPhase section */

/* Begin PBXTargetDependency section */
		CFA8A1731BC2A8D3008D84F0 /* PBXTargetDependency */ = {
			isa = PBXTargetDependency;
			target = CFA8A15B1BC2A8D3008D84F0 /* Sample */;
			targetProxy = CFA8A1721BC2A8D3008D84F0 /* PBXContainerItemProxy */;
		};
/* End PBXTargetDependency section */

/* Begin PBXVariantGroup section */
		CFA8A1651BC2A8D3008D84F0 /* Main.storyboard */ = {
			isa = PBXVariantGroup;
			children = (
				CFA8A1661BC2A8D3008D84F0 /* Base */,
			);
			name = Main.storyboard;
			sourceTree = "<group>";
		};
		CFA8A16A1BC2A8D3008D84F0 /* LaunchScreen.xib */ = {
			isa = PBXVariantGroup;
			children = (
				CFA8A16B1BC2A8D3008D84F0 /* Base */,
			);
			name = LaunchScreen.xib;
			sourceTree = "<group>";
		};
/* End PBXVariantGroup section */

/* Begin XCBuildConfiguration section */
		CFA8A1791BC2A8D3008D84F0 /* Debug */ = {
			isa = XCBuildConfiguration;
			buildSettings = {
				ALWAYS_SEARCH_USER_PATHS = NO;
				CLANG_CXX_LANGUAGE_STANDARD = "gnu++0x";
				CLANG_CXX_LIBRARY = "libc++";
				CLANG_ENABLE_MODULES = YES;
				CLANG_ENABLE_OBJC_ARC = YES;
				CLANG_WARN_BOOL_CONVERSION = YES;
				CLANG_WARN_CONSTANT_CONVERSION = YES;
				CLANG_WARN_DIRECT_OBJC_ISA_USAGE = YES_ERROR;
				CLANG_WARN_EMPTY_BODY = YES;
				CLANG_WARN_ENUM_CONVERSION = YES;
				CLANG_WARN_INT_CONVERSION = YES;
				CLANG_WARN_OBJC_ROOT_CLASS = YES_ERROR;
				CLANG_WARN_UNREACHABLE_CODE = YES;
				CLANG_WARN__DUPLICATE_METHOD_MATCH = YES;
				"CODE_SIGN_IDENTITY[sdk=iphoneos*]" = "iPhone Developer";
				COPY_PHASE_STRIP = NO;
				DEBUG_INFORMATION_FORMAT = "dwarf-with-dsym";
				ENABLE_STRICT_OBJC_MSGSEND = YES;
				GCC_C_LANGUAGE_STANDARD = gnu99;
				GCC_DYNAMIC_NO_PIC = NO;
				GCC_NO_COMMON_BLOCKS = YES;
				GCC_OPTIMIZATION_LEVEL = 0;
				GCC_PREPROCESSOR_DEFINITIONS = (
					"DEBUG=1",
					"$(inherited)",
				);
				GCC_SYMBOLS_PRIVATE_EXTERN = NO;
				GCC_WARN_64_TO_32_BIT_CONVERSION = YES;
				GCC_WARN_ABOUT_RETURN_TYPE = YES_ERROR;
				GCC_WARN_UNDECLARED_SELECTOR = YES;
				GCC_WARN_UNINITIALIZED_AUTOS = YES_AGGRESSIVE;
				GCC_WARN_UNUSED_FUNCTION = YES;
				GCC_WARN_UNUSED_VARIABLE = YES;
				IPHONEOS_DEPLOYMENT_TARGET = 8.4;
				MTL_ENABLE_DEBUG_INFO = YES;
				ONLY_ACTIVE_ARCH = YES;
				SDKROOT = iphoneos;
				SWIFT_OPTIMIZATION_LEVEL = "-Onone";
			};
			name = Debug;
		};
		CFA8A17A1BC2A8D3008D84F0 /* Release */ = {
			isa = XCBuildConfiguration;
			buildSettings = {
				ALWAYS_SEARCH_USER_PATHS = NO;
				CLANG_CXX_LANGUAGE_STANDARD = "gnu++0x";
				CLANG_CXX_LIBRARY = "libc++";
				CLANG_ENABLE_MODULES = YES;
				CLANG_ENABLE_OBJC_ARC = YES;
				CLANG_WARN_BOOL_CONVERSION = YES;
				CLANG_WARN_CONSTANT_CONVERSION = YES;
				CLANG_WARN_DIRECT_OBJC_ISA_USAGE = YES_ERROR;
				CLANG_WARN_EMPTY_BODY = YES;
				CLANG_WARN_ENUM_CONVERSION = YES;
				CLANG_WARN_INT_CONVERSION = YES;
				CLANG_WARN_OBJC_ROOT_CLASS = YES_ERROR;
				CLANG_WARN_UNREACHABLE_CODE = YES;
				CLANG_WARN__DUPLICATE_METHOD_MATCH = YES;
				"CODE_SIGN_IDENTITY[sdk=iphoneos*]" = "iPhone Developer";
				COPY_PHASE_STRIP = NO;
				DEBUG_INFORMATION_FORMAT = "dwarf-with-dsym";
				ENABLE_NS_ASSERTIONS = NO;
				ENABLE_STRICT_OBJC_MSGSEND = YES;
				GCC_C_LANGUAGE_STANDARD = gnu99;
				GCC_NO_COMMON_BLOCKS = YES;
				GCC_WARN_64_TO_32_BIT_CONVERSION = YES;
				GCC_WARN_ABOUT_RETURN_TYPE = YES_ERROR;
				GCC_WARN_UNDECLARED_SELECTOR = YES;
				GCC_WARN_UNINITIALIZED_AUTOS = YES_AGGRESSIVE;
				GCC_WARN_UNUSED_FUNCTION = YES;
				GCC_WARN_UNUSED_VARIABLE = YES;
				IPHONEOS_DEPLOYMENT_TARGET = 8.4;
				MTL_ENABLE_DEBUG_INFO = NO;
				SDKROOT = iphoneos;
				VALIDATE_PRODUCT = YES;
			};
			name = Release;
		};
		CFA8A17C1BC2A8D3008D84F0 /* Debug */ = {
			isa = XCBuildConfiguration;
			buildSettings = {
				ASSETCATALOG_COMPILER_APPICON_NAME = AppIcon;
				INFOPLIST_FILE = Sample/Info.plist;
				LD_RUNPATH_SEARCH_PATHS = "$(inherited) @executable_path/Frameworks";
				OTHER_SWIFT_FLAGS = "-D DEBUG";
				PRODUCT_NAME = "$(TARGET_NAME)";
			};
			name = Debug;
		};
		CFA8A17D1BC2A8D3008D84F0 /* Release */ = {
			isa = XCBuildConfiguration;
			buildSettings = {
				ASSETCATALOG_COMPILER_APPICON_NAME = AppIcon;
				INFOPLIST_FILE = Sample/Info.plist;
				LD_RUNPATH_SEARCH_PATHS = "$(inherited) @executable_path/Frameworks";
				OTHER_SWIFT_FLAGS = "-D DEBUG";
				PRODUCT_NAME = "$(TARGET_NAME)";
			};
			name = Release;
		};
		CFA8A17F1BC2A8D3008D84F0 /* Debug */ = {
			isa = XCBuildConfiguration;
			buildSettings = {
				BUNDLE_LOADER = "$(TEST_HOST)";
				FRAMEWORK_SEARCH_PATHS = (
					"$(SDKROOT)/Developer/Library/Frameworks",
					"$(inherited)",
				);
				GCC_PREPROCESSOR_DEFINITIONS = (
					"DEBUG=1",
					"$(inherited)",
				);
				INFOPLIST_FILE = SampleTests/Info.plist;
				LD_RUNPATH_SEARCH_PATHS = "$(inherited) @executable_path/Frameworks @loader_path/Frameworks";
				PRODUCT_NAME = "$(TARGET_NAME)";
				TEST_HOST = "$(BUILT_PRODUCTS_DIR)/Sample.app/Sample";
			};
			name = Debug;
		};
		CFA8A1801BC2A8D3008D84F0 /* Release */ = {
			isa = XCBuildConfiguration;
			buildSettings = {
				BUNDLE_LOADER = "$(TEST_HOST)";
				FRAMEWORK_SEARCH_PATHS = (
					"$(SDKROOT)/Developer/Library/Frameworks",
					"$(inherited)",
				);
				INFOPLIST_FILE = SampleTests/Info.plist;
				LD_RUNPATH_SEARCH_PATHS = "$(inherited) @executable_path/Frameworks @loader_path/Frameworks";
				PRODUCT_NAME = "$(TARGET_NAME)";
				TEST_HOST = "$(BUILT_PRODUCTS_DIR)/Sample.app/Sample";
			};
			name = Release;
		};
/* End XCBuildConfiguration section */

/* Begin XCConfigurationList section */
		CFA8A1571BC2A8D3008D84F0 /* Build configuration list for PBXProject "Sample" */ = {
			isa = XCConfigurationList;
			buildConfigurations = (
				CFA8A1791BC2A8D3008D84F0 /* Debug */,
				CFA8A17A1BC2A8D3008D84F0 /* Release */,
			);
			defaultConfigurationIsVisible = 0;
			defaultConfigurationName = Release;
		};
		CFA8A17B1BC2A8D3008D84F0 /* Build configuration list for PBXNativeTarget "Sample" */ = {
			isa = XCConfigurationList;
			buildConfigurations = (
				CFA8A17C1BC2A8D3008D84F0 /* Debug */,
				CFA8A17D1BC2A8D3008D84F0 /* Release */,
			);
			defaultConfigurationIsVisible = 0;
			defaultConfigurationName = Release;
		};
		CFA8A17E1BC2A8D3008D84F0 /* Build configuration list for PBXNativeTarget "SampleTests" */ = {
			isa = XCConfigurationList;
			buildConfigurations = (
				CFA8A17F1BC2A8D3008D84F0 /* Debug */,
				CFA8A1801BC2A8D3008D84F0 /* Release */,
			);
			defaultConfigurationIsVisible = 0;
			defaultConfigurationName = Release;
		};
/* End XCConfigurationList section */
	};
	rootObject = CFA8A1541BC2A8D3008D84F0 /* Project object */;
}
